
Microsoft Visual Studio Solution File, Format Version 12.00
# Visual Studio 15
Project("{FAE04EC0-301F-11D3-BF4B-00C04F79EFBC}") = "LaserDotTracker", "Assembly-CSharp.csproj", "{3E5C3D9D-5465-787A-69E9-16BA72CE7705}"
EndProject
Global
	GlobalSection(SolutionConfigurationPlatforms) = preSolution
		Debug|Any CPU = Debug|Any CPU
		Release|Any CPU = Release|Any CPU
	EndGlobalSection
	GlobalSection(ProjectConfigurationPlatforms) = postSolution
		{3E5C3D9D-5465-787A-69E9-16BA72CE7705}.Debug|Any CPU.ActiveCfg = Debug|Any CPU
		{3E5C3D9D-5465-787A-69E9-16BA72CE7705}.Debug|Any CPU.Build.0 = Debug|Any CPU
		{3E5C3D9D-5465-787A-69E9-16BA72CE7705}.Release|Any CPU.ActiveCfg = Release|Any CPU
		{3E5C3D9D-5465-787A-69E9-16BA72CE7705}.Release|Any CPU.Build.0 = Release|Any CPU
	EndGlobalSection
	GlobalSection(SolutionProperties) = preSolution
		HideSolutionNode = FALSE
	EndGlobalSection
EndGlobal
